<?xml version="1.0" encoding="utf-8"?>
<Project ToolsVersion="4.0" xmlns="http://schemas.microsoft.com/developer/msbuild/2003">
  <ItemGroup>
    <Filter Include="Header Files">
      <UniqueIdentifier>{93995380-89BD-4b04-88EB-625FBE52EBFB}</UniqueIdentifier>
      <Extensions>h;hh;hpp;hxx;h++;hm;inl;inc;ipp;xsd</Extensions>
    </Filter>
    <Filter Include="src">
      <UniqueIdentifier>{4FC737F1-C7A5-4376-A066-2A32D752A2FF}</UniqueIdentifier>
      <Extensions>cpp;c;cc;cxx;c++;cppm;ixx;def;odl;idl;hpj;bat;asm;asmx</Extensions>
    </Filter>
    <Filter Include="assets">
      <UniqueIdentifier>{67DA6AB6-F800-4c08-8B7A-83BB121AAD01}</UniqueIdentifier>
      <Extensions>rc;ico;cur;bmp;dlg;rc2;rct;bin;rgs;gif;jpg;jpeg;jpe;resx;tiff;tif;png;wav;mfcribbon-ms</Extensions>
    </Filter>
    <Filter Include="Header Files\Generics">
      <UniqueIdentifier>{a275da53-7d29-45e2-b6d7-e0bb528b3ae5}</UniqueIdentifier>
    </Filter>
    <Filter Include="src\Generics">
      <UniqueIdentifier>{a77bbbfa-649c-44b8-8276-499327162090}</UniqueIdentifier>
    </Filter>
    <Filter Include="src\Specifics">
      <UniqueIdentifier>{3dacef4b-b9df-4e00-8ab3-23dec0aff3eb}</UniqueIdentifier>
    </Filter>
    <Filter Include="Header Files\Specifics">
      <UniqueIdentifier>{1300e356-17b3-45c6-a7c0-fbd40dc50e24}</UniqueIdentifier>
    </Filter>
    <Filter Include="src\Enemies">
      <UniqueIdentifier>{36b01046-0e9d-48f4-9856-d5bd21ca74c6}</UniqueIdentifier>
    </Filter>
    <Filter Include="Header Files\Enemies">
      <UniqueIdentifier>{5538282b-1190-4123-b5d9-6b99dbf5a4ba}</UniqueIdentifier>
    </Filter>
  </ItemGroup>
  <ItemGroup>
    <ClCompile Include="main.cpp">
      <Filter>src</Filter>
    </ClCompile>
    <ClCompile Include="Enemy.cpp">
      <Filter>src\Generics</Filter>
    </ClCompile>
    <ClCompile Include="GameObject.cpp">
      <Filter>src\Generics</Filter>
    </ClCompile>
    <ClCompile Include="TextArea.cpp">
      <Filter>src\Generics</Filter>
    </ClCompile>
    <ClCompile Include="Sprite.cpp">
      <Filter>src\Generics</Filter>
    </ClCompile>
    <ClCompile Include="Game.cpp">
      <Filter>src\Specifics</Filter>
    </ClCompile>
    <ClCompile Include="Sheep.cpp">
      <Filter>src\Specifics</Filter>
    </ClCompile>
    <ClCompile Include="Sword.cpp">
      <Filter>src\Specifics</Filter>
    </ClCompile>
    <ClCompile Include="Bull.cpp">
      <Filter>src\Enemies</Filter>
    </ClCompile>
    <ClCompile Include="Bar.cpp">
      <Filter>src\Generics</Filter>
    </ClCompile>
    <ClCompile Include="Cow.cpp">
      <Filter>src\Enemies</Filter>
    </ClCompile>
    <ClCompile Include="Dog.cpp">
      <Filter>src\Enemies</Filter>
    </ClCompile>
    <ClCompile Include="Chicken.cpp">
      <Filter>src\Enemies</Filter>
    </ClCompile>
    <ClCompile Include="Chick.cpp">
      <Filter>src\Enemies</Filter>
    </ClCompile>
    <ClCompile Include="Horse.cpp">
      <Filter>src\Enemies</Filter>
    </ClCompile>
    <ClCompile Include="Hand.cpp">
      <Filter>src\Enemies</Filter>
    </ClCompile>
    <ClCompile Include="Button.cpp">
      <Filter>src\Generics</Filter>
    </ClCompile>
  </ItemGroup>
  <ItemGroup>
    <ClInclude Include="Enemy.h">
      <Filter>Header Files\Generics</Filter>
    </ClInclude>
    <ClInclude Include="GameObject.h">
      <Filter>Header Files\Generics</Filter>
    </ClInclude>
    <ClInclude Include="Sprite.h">
      <Filter>Header Files\Generics</Filter>
    </ClInclude>
    <ClInclude Include="TextArea.h">
      <Filter>Header Files\Generics</Filter>
    </ClInclude>
    <ClInclude Include="Game.h">
      <Filter>Header Files\Specifics</Filter>
    </ClInclude>
    <ClInclude Include="Sheep.h">
      <Filter>Header Files\Specifics</Filter>
    </ClInclude>
    <ClInclude Include="Sword.h">
      <Filter>Header Files\Specifics</Filter>
    </ClInclude>
    <ClInclude Include="Bull.h">
      <Filter>Header Files\Enemies</Filter>
    </ClInclude>
    <ClInclude Include="Bar.h">
      <Filter>Header Files\Generics</Filter>
    </ClInclude>
    <ClInclude Include="Cow.h">
      <Filter>Header Files\Enemies</Filter>
    </ClInclude>
    <ClInclude Include="Dog.h">
      <Filter>Header Files\Enemies</Filter>
    </ClInclude>
    <ClInclude Include="Chicken.h">
      <Filter>Header Files\Enemies</Filter>
    </ClInclude>
    <ClInclude Include="Chick.h">
      <Filter>Header Files\Enemies</Filter>
    </ClInclude>
    <ClInclude Include="Horse.h">
      <Filter>Header Files\Enemies</Filter>
    </ClInclude>
    <ClInclude Include="Hand.h">
      <Filter>Header Files\Enemies</Filter>
    </ClInclude>
    <ClInclude Include="Button.h">
      <Filter>Header Files\Generics</Filter>
    </ClInclude>
  </ItemGroup>
  <ItemGroup>
    <Image Include="assets\sheep1.png">
      <Filter>assets</Filter>
    </Image>
    <Image Include="assets\sword.png">
      <Filter>assets</Filter>
    </Image>
    <Image Include="assets\bull.png">
      <Filter>assets</Filter>
    </Image>
    <Image Include="assets\grass.png">
      <Filter>assets</Filter>
    </Image>
    <Image Include="assets\cow.png">
      <Filter>assets</Filter>
    </Image>
    <Image Include="assets\dog.png">
      <Filter>assets</Filter>
    </Image>
    <Image Include="assets\chicken.png">
      <Filter>assets</Filter>
    </Image>
    <Image Include="assets\chick.png">
      <Filter>assets</Filter>
    </Image>
    <Image Include="assets\egg.png">
      <Filter>assets</Filter>
    </Image>
    <Image Include="assets\horse.png">
      <Filter>assets</Filter>
    </Image>
    <Image Include="assets\hand.png">
      <Filter>assets</Filter>
    </Image>
    <Image Include="assets\cow1.png">
      <Filter>assets</Filter>
    </Image>
    <Image Include="assets\flame.png">
      <Filter>assets</Filter>
    </Image>
  </ItemGroup>
  <ItemGroup>
    <None Include="assets\A sheepish menu.ogg">
      <Filter>assets</Filter>
    </None>
    <None Include="assets\CHARGE!!.ogg">
      <Filter>assets</Filter>
    </None>
    <None Include="assets\moo.ogg">
      <Filter>assets</Filter>
    </None>
    <None Include="assets\lets play fetch.ogg">
      <Filter>assets</Filter>
    </None>
    <None Include="assets\cock.ogg">
      <Filter>assets</Filter>
    </None>
    <None Include="assets\horsin%27 around.ogg">
      <Filter>assets</Filter>
    </None>
    <None Include="assets\YET TO BE FORGOTTEN.ogg">
      <Filter>assets</Filter>
    </None>
    <None Include="assets\a magic cow.ogg">
      <Filter>assets</Filter>
    </None>
  </ItemGroup>
</Project>